{
    "_readme": [
        "This file locks the dependencies of your project to a known state",
        "Read more about it at https://getcomposer.org/doc/01-basic-usage.md#composer-lock-the-lock-file",
        "This file is @generated automatically"
    ],
    "hash": "6ead9968b8fe4714beaad094a620f248",
    "content-hash": "419b09962be9710262136ba91dff7e79",
    "packages": [
        {
            "name": "prophetz/anticaptcha",
            "version": "dev-master",
            "source": {
                "type": "git",
                "url": "https://github.com/prophetz/anticaptcha.git",
                "reference": "583350c87cd2d085e1d243645fa7765742fe2919"
            },
            "dist": {
                "type": "zip",
                "url": "https://api.github.com/repos/prophetz/anticaptcha/zipball/583350c87cd2d085e1d243645fa7765742fe2919",
                "reference": "583350c87cd2d085e1d243645fa7765742fe2919",
                "shasum": ""
            },
            "require": {
                "php": ">=5.4",
                "prophetz/curl": "dev-master"
            },
            "type": "library",
            "autoload": {
                "psr-0": {
                    "Prophetz\\Anticaptcha\\": "src/"
                }
            },
            "notification-url": "https://packagist.org/downloads/",
            "license": [
                "MIT"
            ],
            "authors": [
                {
                    "name": "Alexander Kovalevich",
                    "email": "kpuzuc@gmail.com"
                }
            ],
            "description": "Anticaptcha library",
            "time": "2015-12-21 01:54:55"
        },
        {
            "name": "prophetz/curl",
            "version": "dev-master",
            "source": {
                "type": "git",
                "url": "https://github.com/prophetz/curl.git",
                "reference": "6836f1d02863044ea208e23414b20c3b38b3c048"
            },
            "dist": {
                "type": "zip",
                "url": "https://api.github.com/repos/prophetz/curl/zipball/6836f1d02863044ea208e23414b20c3b38b3c048",
                "reference": "6836f1d02863044ea208e23414b20c3b38b3c048",
                "shasum": ""
            },
            "require": {
                "php": ">=5.4"
            },
            "type": "library",
            "autoload": {
                "psr-0": {
                    "Prophetz\\Curl\\": "src/"
                }
            },
            "notification-url": "https://packagist.org/downloads/",
            "license": [
                "MIT"
            ],
            "authors": [
                {
                    "name": "Alexander Kovalevich",
                    "email": "kpuzuc@gmail.com"
                }
            ],
            "description": "CURL library",
            "time": "2015-12-21 14:38:00"
        }
    ],
    "packages-dev": [],
    "aliases": [],
    "minimum-stability": "stable",
    "stability-flags": {
        "prophetz/anticaptcha": 20,
        "prophetz/curl": 20
    },
    "prefer-stable": false,
    "prefer-lowest": false,
    "platform": {
        "php": ">=5.4"
    },
    "platform-dev": []
}
